// !$*UTF8*$!
{
	archiveVersion = 1;
	classes = {
	};
	objectVersion = 50;
	objects = {

/* Begin PBXBuildFile section */
		63351718240F6A88007C3CBA /* AppDelegate.swift in Sources */ = {isa = PBXBuildFile; fileRef = 63351717240F6A88007C3CBA /* AppDelegate.swift */; };
		6335171A240F6A88007C3CBA /* SceneDelegate.swift in Sources */ = {isa = PBXBuildFile; fileRef = 63351719240F6A88007C3CBA /* SceneDelegate.swift */; };
		6335171C240F6A88007C3CBA /* ContentView.swift in Sources */ = {isa = PBXBuildFile; fileRef = 6335171B240F6A88007C3CBA /* ContentView.swift */; };
		6335171E240F6A8C007C3CBA /* Assets.xcassets in Resources */ = {isa = PBXBuildFile; fileRef = 6335171D240F6A8C007C3CBA /* Assets.xcassets */; };
		63351721240F6A8C007C3CBA /* Preview Assets.xcassets in Resources */ = {isa = PBXBuildFile; fileRef = 63351720240F6A8C007C3CBA /* Preview Assets.xcassets */; };
		63351724240F6A8C007C3CBA /* LaunchScreen.storyboard in Resources */ = {isa = PBXBuildFile; fileRef = 63351722240F6A8C007C3CBA /* LaunchScreen.storyboard */; };
		6335172C240F6C4D007C3CBA /* Board.swift in Sources */ = {isa = PBXBuildFile; fileRef = 6335172B240F6C4D007C3CBA /* Board.swift */; };
		6335172E240F6DAD007C3CBA /* Cruz.swift in Sources */ = {isa = PBXBuildFile; fileRef = 6335172D240F6DAD007C3CBA /* Cruz.swift */; };
		63351730240F6DFD007C3CBA /* Circulo.swift in Sources */ = {isa = PBXBuildFile; fileRef = 6335172F240F6DFD007C3CBA /* Circulo.swift */; };
		63351732240F70B7007C3CBA /* Colores.xcassets in Resources */ = {isa = PBXBuildFile; fileRef = 63351731240F70B7007C3CBA /* Colores.xcassets */; };
		63351735240F7167007C3CBA /* Lemonada.ttf in Resources */ = {isa = PBXBuildFile; fileRef = 63351734240F7167007C3CBA /* Lemonada.ttf */; };
		63351737240F71B0007C3CBA /* Forma.swift in Sources */ = {isa = PBXBuildFile; fileRef = 63351736240F71B0007C3CBA /* Forma.swift */; };
		63351739240F723D007C3CBA /* Funciones.swift in Sources */ = {isa = PBXBuildFile; fileRef = 63351738240F723D007C3CBA /* Funciones.swift */; };
/* End PBXBuildFile section */

/* Begin PBXFileReference section */
		63351714240F6A88007C3CBA /* TicTacToe.app */ = {isa = PBXFileReference; explicitFileType = wrapper.application; includeInIndex = 0; path = TicTacToe.app; sourceTree = BUILT_PRODUCTS_DIR; };
		63351717240F6A88007C3CBA /* AppDelegate.swift */ = {isa = PBXFileReference; lastKnownFileType = sourcecode.swift; path = AppDelegate.swift; sourceTree = "<group>"; };
		63351719240F6A88007C3CBA /* SceneDelegate.swift */ = {isa = PBXFileReference; lastKnownFileType = sourcecode.swift; path = SceneDelegate.swift; sourceTree = "<group>"; };
		6335171B240F6A88007C3CBA /* ContentView.swift */ = {isa = PBXFileReference; lastKnownFileType = sourcecode.swift; path = ContentView.swift; sourceTree = "<group>"; };
		6335171D240F6A8C007C3CBA /* Assets.xcassets */ = {isa = PBXFileReference; lastKnownFileType = folder.assetcatalog; path = Assets.xcassets; sourceTree = "<group>"; };
		63351720240F6A8C007C3CBA /* Preview Assets.xcassets */ = {isa = PBXFileReference; lastKnownFileType = folder.assetcatalog; path = "Preview Assets.xcassets"; sourceTree = "<group>"; };
		63351723240F6A8C007C3CBA /* Base */ = {isa = PBXFileReference; lastKnownFileType = file.storyboard; name = Base; path = Base.lproj/LaunchScreen.storyboard; sourceTree = "<group>"; };
		63351725240F6A8C007C3CBA /* Info.plist */ = {isa = PBXFileReference; lastKnownFileType = text.plist.xml; path = Info.plist; sourceTree = "<group>"; };
		6335172B240F6C4D007C3CBA /* Board.swift */ = {isa = PBXFileReference; lastKnownFileType = sourcecode.swift; path = Board.swift; sourceTree = "<group>"; };
		6335172D240F6DAD007C3CBA /* Cruz.swift */ = {isa = PBXFileReference; lastKnownFileType = sourcecode.swift; path = Cruz.swift; sourceTree = "<group>"; };
		6335172F240F6DFD007C3CBA /* Circulo.swift */ = {isa = PBXFileReference; lastKnownFileType = sourcecode.swift; path = Circulo.swift; sourceTree = "<group>"; };
		63351731240F70B7007C3CBA /* Colores.xcassets */ = {isa = PBXFileReference; lastKnownFileType = folder.assetcatalog; path = Colores.xcassets; sourceTree = "<group>"; };
		63351734240F7167007C3CBA /* Lemonada.ttf */ = {isa = PBXFileReference; lastKnownFileType = file; path = Lemonada.ttf; sourceTree = "<group>"; };
		63351736240F71B0007C3CBA /* Forma.swift */ = {isa = PBXFileReference; lastKnownFileType = sourcecode.swift; path = Forma.swift; sourceTree = "<group>"; };
		63351738240F723D007C3CBA /* Funciones.swift */ = {isa = PBXFileReference; lastKnownFileType = sourcecode.swift; path = Funciones.swift; sourceTree = "<group>"; };
/* End PBXFileReference section */

/* Begin PBXFrameworksBuildPhase section */
		63351711240F6A88007C3CBA /* Frameworks */ = {
			isa = PBXFrameworksBuildPhase;
			buildActionMask = 2147483647;
			files = (
			);
			runOnlyForDeploymentPostprocessing = 0;
		};
/* End PBXFrameworksBuildPhase section */

/* Begin PBXGroup section */
		6335170B240F6A88007C3CBA = {
			isa = PBXGroup;
			children = (
				63351716240F6A88007C3CBA /* TicTacToe */,
				63351715240F6A88007C3CBA /* Products */,
			);
			sourceTree = "<group>";
		};
		63351715240F6A88007C3CBA /* Products */ = {
			isa = PBXGroup;
			children = (
				63351714240F6A88007C3CBA /* TicTacToe.app */,
			);
			name = Products;
			sourceTree = "<group>";
		};
		63351716240F6A88007C3CBA /* TicTacToe */ = {
			isa = PBXGroup;
			children = (
				63351733240F715C007C3CBA /* Fonts */,
				63351717240F6A88007C3CBA /* AppDelegate.swift */,
				63351719240F6A88007C3CBA /* SceneDelegate.swift */,
				6335171B240F6A88007C3CBA /* ContentView.swift */,
				63351736240F71B0007C3CBA /* Forma.swift */,
				63351738240F723D007C3CBA /* Funciones.swift */,
				63351731240F70B7007C3CBA /* Colores.xcassets */,
				6335171D240F6A8C007C3CBA /* Assets.xcassets */,
				6335172B240F6C4D007C3CBA /* Board.swift */,
				6335172D240F6DAD007C3CBA /* Cruz.swift */,
				6335172F240F6DFD007C3CBA /* Circulo.swift */,
				63351722240F6A8C007C3CBA /* LaunchScreen.storyboard */,
				63351725240F6A8C007C3CBA /* Info.plist */,
				6335171F240F6A8C007C3CBA /* Preview Content */,
			);
			path = TicTacToe;
			sourceTree = "<group>";
		};
		6335171F240F6A8C007C3CBA /* Preview Content */ = {
			isa = PBXGroup;
			children = (
				63351720240F6A8C007C3CBA /* Preview Assets.xcassets */,
			);
			path = "Preview Content";
			sourceTree = "<group>";
		};
		63351733240F715C007C3CBA /* Fonts */ = {
			isa = PBXGroup;
			children = (
				63351734240F7167007C3CBA /* Lemonada.ttf */,
			);
			path = Fonts;
			sourceTree = "<group>";
		};
/* End PBXGroup section */

/* Begin PBXNativeTarget section */
		63351713240F6A88007C3CBA /* TicTacToe */ = {
			isa = PBXNativeTarget;
			buildConfigurationList = 63351728240F6A8C007C3CBA /* Build configuration list for PBXNativeTarget "TicTacToe" */;
			buildPhases = (
				63351710240F6A88007C3CBA /* Sources */,
				63351711240F6A88007C3CBA /* Frameworks */,
				63351712240F6A88007C3CBA /* Resources */,
			);
			buildRules = (
			);
			dependencies = (
			);
			name = TicTacToe;
			productName = TicTacToe;
			productReference = 63351714240F6A88007C3CBA /* TicTacToe.app */;
			productType = "com.apple.product-type.application";
		};
/* End PBXNativeTarget section */

/* Begin PBXProject section */
		6335170C240F6A88007C3CBA /* Project object */ = {
			isa = PBXProject;
			attributes = {
				LastSwiftUpdateCheck = 1130;
				LastUpgradeCheck = 1130;
				ORGANIZATIONNAME = "Tec de Monterrey";
				TargetAttributes = {
					63351713240F6A88007C3CBA = {
						CreatedOnToolsVersion = 11.3.1;
					};
				};
			};
			buildConfigurationList = 6335170F240F6A88007C3CBA /* Build configuration list for PBXProject "TicTacToe" */;
			compatibilityVersion = "Xcode 9.3";
			developmentRegion = en;
			hasScannedForEncodings = 0;
			knownRegions = (
				en,
				Base,
			);
			mainGroup = 6335170B240F6A88007C3CBA;
			productRefGroup = 63351715240F6A88007C3CBA /* Products */;
			projectDirPath = "";
			projectRoot = "";
			targets = (
				63351713240F6A88007C3CBA /* TicTacToe */,
			);
		};
/* End PBXProject section */

/* Begin PBXResourcesBuildPhase section */
		63351712240F6A88007C3CBA /* Resources */ = {
			isa = PBXResourcesBuildPhase;
			buildActionMask = 2147483647;
			files = (
				63351724240F6A8C007C3CBA /* LaunchScreen.storyboard in Resources */,
				63351721240F6A8C007C3CBA /* Preview Assets.xcassets in Resources */,
				6335171E240F6A8C007C3CBA /* Assets.xcassets in Resources */,
				63351735240F7167007C3CBA /* Lemonada.ttf in Resources */,
				63351732240F70B7007C3CBA /* Colores.xcassets in Resources */,
			);
			runOnlyForDeploymentPostprocessing = 0;
		};
/* End PBXResourcesBuildPhase section */

/* Begin PBXSourcesBuildPhase section */
		63351710240F6A88007C3CBA /* Sources */ = {
			isa = PBXSourcesBuildPhase;
			buildActionMask = 2147483647;
			files = (
				63351718240F6A88007C3CBA /* AppDelegate.swift in Sources */,
				63351730240F6DFD007C3CBA /* Circulo.swift in Sources */,
				6335171A240F6A88007C3CBA /* SceneDelegate.swift in Sources */,
				6335172C240F6C4D007C3CBA /* Board.swift in Sources */,
				63351739240F723D007C3CBA /* Funciones.swift in Sources */,
				63351737240F71B0007C3CBA /* Forma.swift in Sources */,
				6335172E240F6DAD007C3CBA /* Cruz.swift in Sources */,
				6335171C240F6A88007C3CBA /* ContentView.swift in Sources */,
			);
			runOnlyForDeploymentPostprocessing = 0;
		};
/* End PBXSourcesBuildPhase section */

/* Begin PBXVariantGroup section */
		63351722240F6A8C007C3CBA /* LaunchScreen.storyboard */ = {
			isa = PBXVariantGroup;
			children = (
				63351723240F6A8C007C3CBA /* Base */,
			);
			name = LaunchScreen.storyboard;
			sourceTree = "<group>";
		};
/* End PBXVariantGroup section */

/* Begin XCBuildConfiguration section */
		63351726240F6A8C007C3CBA /* Debug */ = {
			isa = XCBuildConfiguration;
			buildSettings = {
				ALWAYS_SEARCH_USER_PATHS = NO;
				CLANG_ANALYZER_NONNULL = YES;
				CLANG_ANALYZER_NUMBER_OBJECT_CONVERSION = YES_AGGRESSIVE;
				CLANG_CXX_LANGUAGE_STANDARD = "gnu++14";
				CLANG_CXX_LIBRARY = "libc++";
				CLANG_ENABLE_MODULES = YES;
				CLANG_ENABLE_OBJC_ARC = YES;
				CLANG_ENABLE_OBJC_WEAK = YES;
				CLANG_WARN_BLOCK_CAPTURE_AUTORELEASING = YES;
				CLANG_WARN_BOOL_CONVERSION = YES;
				CLANG_WARN_COMMA = YES;
				CLANG_WARN_CONSTANT_CONVERSION = YES;
				CLANG_WARN_DEPRECATED_OBJC_IMPLEMENTATIONS = YES;
				CLANG_WARN_DIRECT_OBJC_ISA_USAGE = YES_ERROR;
				CLANG_WARN_DOCUMENTATION_COMMENTS = YES;
				CLANG_WARN_EMPTY_BODY = YES;
				CLANG_WARN_ENUM_CONVERSION = YES;
				CLANG_WARN_INFINITE_RECURSION = YES;
				CLANG_WARN_INT_CONVERSION = YES;
				CLANG_WARN_NON_LITERAL_NULL_CONVERSION = YES;
				CLANG_WARN_OBJC_IMPLICIT_RETAIN_SELF = YES;
				CLANG_WARN_OBJC_LITERAL_CONVERSION = YES;
				CLANG_WARN_OBJC_ROOT_CLASS = YES_ERROR;
				CLANG_WARN_RANGE_LOOP_ANALYSIS = YES;
				CLANG_WARN_STRICT_PROTOTYPES = YES;
				CLANG_WARN_SUSPICIOUS_MOVE = YES;
				CLANG_WARN_UNGUARDED_AVAILABILITY = YES_AGGRESSIVE;
				CLANG_WARN_UNREACHABLE_CODE = YES;
				CLANG_WARN__DUPLICATE_METHOD_MATCH = YES;
				COPY_PHASE_STRIP = NO;
				DEBUG_INFORMATION_FORMAT = dwarf;
				ENABLE_STRICT_OBJC_MSGSEND = YES;
				ENABLE_TESTABILITY = YES;
				GCC_C_LANGUAGE_STANDARD = gnu11;
				GCC_DYNAMIC_NO_PIC = NO;
				GCC_NO_COMMON_BLOCKS = YES;
				GCC_OPTIMIZATION_LEVEL = 0;
				GCC_PREPROCESSOR_DEFINITIONS = (
					"DEBUG=1",
					"$(inherited)",
				);
				GCC_WARN_64_TO_32_BIT_CONVERSION = YES;
				GCC_WARN_ABOUT_RETURN_TYPE = YES_ERROR;
				GCC_WARN_UNDECLARED_SELECTOR = YES;
				GCC_WARN_UNINITIALIZED_AUTOS = YES_AGGRESSIVE;
				GCC_WARN_UNUSED_FUNCTION = YES;
				GCC_WARN_UNUSED_VARIABLE = YES;
				IPHONEOS_DEPLOYMENT_TARGET = 13.2;
				MTL_ENABLE_DEBUG_INFO = INCLUDE_SOURCE;
				MTL_FAST_MATH = YES;
				ONLY_ACTIVE_ARCH = YES;
				SDKROOT = iphoneos;
				SWIFT_ACTIVE_COMPILATION_CONDITIONS = DEBUG;
				SWIFT_OPTIMIZATION_LEVEL = "-Onone";
			};
			name = Debug;
		};
		63351727240F6A8C007C3CBA /* Release */ = {
			isa = XCBuildConfiguration;
			buildSettings = {
				ALWAYS_SEARCH_USER_PATHS = NO;
				CLANG_ANALYZER_NONNULL = YES;
				CLANG_ANALYZER_NUMBER_OBJECT_CONVERSION = YES_AGGRESSIVE;
				CLANG_CXX_LANGUAGE_STANDARD = "gnu++14";
				CLANG_CXX_LIBRARY = "libc++";
				CLANG_ENABLE_MODULES = YES;
				CLANG_ENABLE_OBJC_ARC = YES;
				CLANG_ENABLE_OBJC_WEAK = YES;
				CLANG_WARN_BLOCK_CAPTURE_AUTORELEASING = YES;
				CLANG_WARN_BOOL_CONVERSION = YES;
				CLANG_WARN_COMMA = YES;
				CLANG_WARN_CONSTANT_CONVERSION = YES;
				CLANG_WARN_DEPRECATED_OBJC_IMPLEMENTATIONS = YES;
				CLANG_WARN_DIRECT_OBJC_ISA_USAGE = YES_ERROR;
				CLANG_WARN_DOCUMENTATION_COMMENTS = YES;
				CLANG_WARN_EMPTY_BODY = YES;
				CLANG_WARN_ENUM_CONVERSION = YES;
				CLANG_WARN_INFINITE_RECURSION = YES;
				CLANG_WARN_INT_CONVERSION = YES;
				CLANG_WARN_NON_LITERAL_NULL_CONVERSION = YES;
				CLANG_WARN_OBJC_IMPLICIT_RETAIN_SELF = YES;
				CLANG_WARN_OBJC_LITERAL_CONVERSION = YES;
				CLANG_WARN_OBJC_ROOT_CLASS = YES_ERROR;
				CLANG_WARN_RANGE_LOOP_ANALYSIS = YES;
				CLANG_WARN_STRICT_PROTOTYPES = YES;
				CLANG_WARN_SUSPICIOUS_MOVE = YES;
				CLANG_WARN_UNGUARDED_AVAILABILITY = YES_AGGRESSIVE;
				CLANG_WARN_UNREACHABLE_CODE = YES;
				CLANG_WARN__DUPLICATE_METHOD_MATCH = YES;
				COPY_PHASE_STRIP = NO;
				DEBUG_INFORMATION_FORMAT = "dwarf-with-dsym";
				ENABLE_NS_ASSERTIONS = NO;
				ENABLE_STRICT_OBJC_MSGSEND = YES;
				GCC_C_LANGUAGE_STANDARD = gnu11;
				GCC_NO_COMMON_BLOCKS = YES;
				GCC_WARN_64_TO_32_BIT_CONVERSION = YES;
				GCC_WARN_ABOUT_RETURN_TYPE = YES_ERROR;
				GCC_WARN_UNDECLARED_SELECTOR = YES;
				GCC_WARN_UNINITIALIZED_AUTOS = YES_AGGRESSIVE;
				GCC_WARN_UNUSED_FUNCTION = YES;
				GCC_WARN_UNUSED_VARIABLE = YES;
				IPHONEOS_DEPLOYMENT_TARGET = 13.2;
				MTL_ENABLE_DEBUG_INFO = NO;
				MTL_FAST_MATH = YES;
				SDKROOT = iphoneos;
				SWIFT_COMPILATION_MODE = wholemodule;
				SWIFT_OPTIMIZATION_LEVEL = "-O";
				VALIDATE_PRODUCT = YES;
			};
			name = Release;
		};
		63351729240F6A8C007C3CBA /* Debug */ = {
			isa = XCBuildConfiguration;
			buildSettings = {
				ASSETCATALOG_COMPILER_APPICON_NAME = AppIcon;
				CODE_SIGN_STYLE = Automatic;
				DEVELOPMENT_ASSET_PATHS = "\"TicTacToe/Preview Content\"";
				DEVELOPMENT_TEAM = J97L2A8AMM;
				ENABLE_PREVIEWS = YES;
				INFOPLIST_FILE = TicTacToe/Info.plist;
				LD_RUNPATH_SEARCH_PATHS = (
					"$(inherited)",
					"@executable_path/Frameworks",
				);
				PRODUCT_BUNDLE_IDENTIFIER = TecMty.TicTacToe;
				PRODUCT_NAME = "$(TARGET_NAME)";
				SWIFT_VERSION = 5.0;
				TARGETED_DEVICE_FAMILY = "1,2";
			};
			name = Debug;
		};
		6335172A240F6A8C007C3CBA /* Release */ = {
			isa = XCBuildConfiguration;
			buildSettings = {
				ASSETCATALOG_COMPILER_APPICON_NAME = AppIcon;
				CODE_SIGN_STYLE = Automatic;
				DEVELOPMENT_ASSET_PATHS = "\"TicTacToe/Preview Content\"";
				DEVELOPMENT_TEAM = J97L2A8AMM;
				ENABLE_PREVIEWS = YES;
				INFOPLIST_FILE = TicTacToe/Info.plist;
				LD_RUNPATH_SEARCH_PATHS = (
					"$(inherited)",
					"@executable_path/Frameworks",
				);
				PRODUCT_BUNDLE_IDENTIFIER = TecMty.TicTacToe;
				PRODUCT_NAME = "$(TARGET_NAME)";
				SWIFT_VERSION = 5.0;
				TARGETED_DEVICE_FAMILY = "1,2";
			};
			name = Release;
		};
/* End XCBuildConfiguration section */

/* Begin XCConfigurationList section */
		6335170F240F6A88007C3CBA /* Build configuration list for PBXProject "TicTacToe" */ = {
			isa = XCConfigurationList;
			buildConfigurations = (
				63351726240F6A8C007C3CBA /* Debug */,
				63351727240F6A8C007C3CBA /* Release */,
			);
			defaultConfigurationIsVisible = 0;
			defaultConfigurationName = Release;
		};
		63351728240F6A8C007C3CBA /* Build configuration list for PBXNativeTarget "TicTacToe" */ = {
			isa = XCConfigurationList;
			buildConfigurations = (
				63351729240F6A8C007C3CBA /* Debug */,
				6335172A240F6A8C007C3CBA /* Release */,
			);
			defaultConfigurationIsVisible = 0;
			defaultConfigurationName = Release;
		};
/* End XCConfigurationList section */
	};
	rootObject = 6335170C240F6A88007C3CBA /* Project object */;
}
